
Microsoft Visual Studio Solution File, Format Version 12.00
# Visual Studio Version 16
VisualStudioVersion = 16.0.30114.105
MinimumVisualStudioVersion = 10.0.40219.1
Project("{FAE04EC0-301F-11D3-BF4B-00C04F79EFBC}") = "GoodDay", "GoodDay\GoodDay.csproj", "{85CFE211-B2AD-46BD-BFD7-21EC845705BE}"
EndProject
Project("{FAE04EC0-301F-11D3-BF4B-00C04F79EFBC}") = "LettersCount", "LettersCount\LettersCount.csproj", "{49F7A36E-8510-4C85-B7E2-0543AD36AFA4}"
EndProject
Global
	GlobalSection(SolutionConfigurationPlatforms) = preSolution
		Debug|Any CPU = Debug|Any CPU
		Release|Any CPU = Release|Any CPU
	EndGlobalSection
	GlobalSection(ProjectConfigurationPlatforms) = postSolution
		{85CFE211-B2AD-46BD-BFD7-21EC845705BE}.Debug|Any CPU.ActiveCfg = Debug|Any CPU
		{85CFE211-B2AD-46BD-BFD7-21EC845705BE}.Debug|Any CPU.Build.0 = Debug|Any CPU
		{85CFE211-B2AD-46BD-BFD7-21EC845705BE}.Release|Any CPU.ActiveCfg = Release|Any CPU
		{85CFE211-B2AD-46BD-BFD7-21EC845705BE}.Release|Any CPU.Build.0 = Release|Any CPU
		{49F7A36E-8510-4C85-B7E2-0543AD36AFA4}.Debug|Any CPU.ActiveCfg = Debug|Any CPU
		{49F7A36E-8510-4C85-B7E2-0543AD36AFA4}.Debug|Any CPU.Build.0 = Debug|Any CPU
		{49F7A36E-8510-4C85-B7E2-0543AD36AFA4}.Release|Any CPU.ActiveCfg = Release|Any CPU
		{49F7A36E-8510-4C85-B7E2-0543AD36AFA4}.Release|Any CPU.Build.0 = Release|Any CPU
	EndGlobalSection
	GlobalSection(SolutionProperties) = preSolution
		HideSolutionNode = FALSE
	EndGlobalSection
	GlobalSection(ExtensibilityGlobals) = postSolution
		SolutionGuid = {972BCA07-44C7-4712-87C3-198CA923DB83}
	EndGlobalSection
EndGlobal
