
Microsoft Visual Studio Solution File, Format Version 12.00
# Visual Studio Version 16
VisualStudioVersion = 16.0.30225.117
MinimumVisualStudioVersion = 10.0.40219.1
Project("{FAE04EC0-301F-11D3-BF4B-00C04F79EFBC}") = "Task01", "Task01\Task01.csproj", "{0DC3CDFF-7A8B-418A-B11F-95C2A6C0C1D6}"
EndProject
Project("{FAE04EC0-301F-11D3-BF4B-00C04F79EFBC}") = "Task02", "Task02\Task02.csproj", "{54D4B393-5C39-4C18-B910-290DEF075909}"
EndProject
Project("{FAE04EC0-301F-11D3-BF4B-00C04F79EFBC}") = "Task03", "Task03\Task03.csproj", "{1CC54512-20F6-4F5A-A195-ECBD5410714E}"
EndProject
Global
	GlobalSection(SolutionConfigurationPlatforms) = preSolution
		Debug|Any CPU = Debug|Any CPU
		Release|Any CPU = Release|Any CPU
	EndGlobalSection
	GlobalSection(ProjectConfigurationPlatforms) = postSolution
		{0DC3CDFF-7A8B-418A-B11F-95C2A6C0C1D6}.Debug|Any CPU.ActiveCfg = Debug|Any CPU
		{0DC3CDFF-7A8B-418A-B11F-95C2A6C0C1D6}.Debug|Any CPU.Build.0 = Debug|Any CPU
		{0DC3CDFF-7A8B-418A-B11F-95C2A6C0C1D6}.Release|Any CPU.ActiveCfg = Release|Any CPU
		{0DC3CDFF-7A8B-418A-B11F-95C2A6C0C1D6}.Release|Any CPU.Build.0 = Release|Any CPU
		{54D4B393-5C39-4C18-B910-290DEF075909}.Debug|Any CPU.ActiveCfg = Debug|Any CPU
		{54D4B393-5C39-4C18-B910-290DEF075909}.Debug|Any CPU.Build.0 = Debug|Any CPU
		{54D4B393-5C39-4C18-B910-290DEF075909}.Release|Any CPU.ActiveCfg = Release|Any CPU
		{54D4B393-5C39-4C18-B910-290DEF075909}.Release|Any CPU.Build.0 = Release|Any CPU
		{1CC54512-20F6-4F5A-A195-ECBD5410714E}.Debug|Any CPU.ActiveCfg = Debug|Any CPU
		{1CC54512-20F6-4F5A-A195-ECBD5410714E}.Debug|Any CPU.Build.0 = Debug|Any CPU
		{1CC54512-20F6-4F5A-A195-ECBD5410714E}.Release|Any CPU.ActiveCfg = Release|Any CPU
		{1CC54512-20F6-4F5A-A195-ECBD5410714E}.Release|Any CPU.Build.0 = Release|Any CPU
	EndGlobalSection
	GlobalSection(SolutionProperties) = preSolution
		HideSolutionNode = FALSE
	EndGlobalSection
	GlobalSection(ExtensibilityGlobals) = postSolution
		SolutionGuid = {3469A4A7-105C-4F01-87E9-519FC8C2B198}
	EndGlobalSection
EndGlobal
